<?xml version="1.0" encoding="UTF-8"?>
<CodeBlocks_project_file>
	<FileVersion major="1" minor="6"/>
	<Project>
		<Option title="matrix"/>
		<Option makefile_is_custom="1"/>
		<Option compiler="gcc"/>
		<Option virtualFolders="CMake Files\;"/>
		<Build>
			<Target title="all">
				<Option working_dir="/Users/happys/Desktop/project/AI/C_project/as4/source"/>
				<Option type="4"/>
				<MakeCommands>
					<Build command="/usr/bin/make -f &quot;/Users/happys/Desktop/project/AI/C_project/as4/source/Makefile&quot;  VERBOSE=1 all"/>
					<CompileFile command="/usr/bin/make -f &quot;/Users/happys/Desktop/project/AI/C_project/as4/source/Makefile&quot;  VERBOSE=1 &quot;$file&quot;"/>
					<Clean command="/usr/bin/make -f &quot;/Users/happys/Desktop/project/AI/C_project/as4/source/Makefile&quot;  VERBOSE=1 clean"/>
					<DistClean command="/usr/bin/make -f &quot;/Users/happys/Desktop/project/AI/C_project/as4/source/Makefile&quot;  VERBOSE=1 clean"/>
				</MakeCommands>
			</Target>
			<Target title="rebuild_cache">
				<Option working_dir="/Users/happys/Desktop/project/AI/C_project/as4/source"/>
				<Option type="4"/>
				<MakeCommands>
					<Build command="/usr/bin/make -f &quot;/Users/happys/Desktop/project/AI/C_project/as4/source/Makefile&quot;  VERBOSE=1 rebuild_cache"/>
					<CompileFile command="/usr/bin/make -f &quot;/Users/happys/Desktop/project/AI/C_project/as4/source/Makefile&quot;  VERBOSE=1 &quot;$file&quot;"/>
					<Clean command="/usr/bin/make -f &quot;/Users/happys/Desktop/project/AI/C_project/as4/source/Makefile&quot;  VERBOSE=1 clean"/>
					<DistClean command="/usr/bin/make -f &quot;/Users/happys/Desktop/project/AI/C_project/as4/source/Makefile&quot;  VERBOSE=1 clean"/>
				</MakeCommands>
			</Target>
			<Target title="edit_cache">
				<Option working_dir="/Users/happys/Desktop/project/AI/C_project/as4/source"/>
				<Option type="4"/>
				<MakeCommands>
					<Build command="/usr/bin/make -f &quot;/Users/happys/Desktop/project/AI/C_project/as4/source/Makefile&quot;  VERBOSE=1 edit_cache"/>
					<CompileFile command="/usr/bin/make -f &quot;/Users/happys/Desktop/project/AI/C_project/as4/source/Makefile&quot;  VERBOSE=1 &quot;$file&quot;"/>
					<Clean command="/usr/bin/make -f &quot;/Users/happys/Desktop/project/AI/C_project/as4/source/Makefile&quot;  VERBOSE=1 clean"/>
					<DistClean command="/usr/bin/make -f &quot;/Users/happys/Desktop/project/AI/C_project/as4/source/Makefile&quot;  VERBOSE=1 clean"/>
				</MakeCommands>
			</Target>
			<Target title="matrix">
				<Option output="/Users/happys/Desktop/project/AI/C_project/as4/source/libmatrix.a" prefix_auto="0" extension_auto="0"/>
				<Option working_dir="/Users/happys/Desktop/project/AI/C_project/as4/source"/>
				<Option object_output="./"/>
				<Option type="2"/>
				<Option compiler="gcc"/>
				<Compiler/>
				<MakeCommands>
					<Build command="/usr/bin/make -f &quot;/Users/happys/Desktop/project/AI/C_project/as4/source/Makefile&quot;  VERBOSE=1 matrix"/>
					<CompileFile command="/usr/bin/make -f &quot;/Users/happys/Desktop/project/AI/C_project/as4/source/Makefile&quot;  VERBOSE=1 &quot;$file&quot;"/>
					<Clean command="/usr/bin/make -f &quot;/Users/happys/Desktop/project/AI/C_project/as4/source/Makefile&quot;  VERBOSE=1 clean"/>
					<DistClean command="/usr/bin/make -f &quot;/Users/happys/Desktop/project/AI/C_project/as4/source/Makefile&quot;  VERBOSE=1 clean"/>
				</MakeCommands>
			</Target>
			<Target title="matrix/fast">
				<Option output="/Users/happys/Desktop/project/AI/C_project/as4/source/libmatrix.a" prefix_auto="0" extension_auto="0"/>
				<Option working_dir="/Users/happys/Desktop/project/AI/C_project/as4/source"/>
				<Option object_output="./"/>
				<Option type="2"/>
				<Option compiler="gcc"/>
				<Compiler/>
				<MakeCommands>
					<Build command="/usr/bin/make -f &quot;/Users/happys/Desktop/project/AI/C_project/as4/source/Makefile&quot;  VERBOSE=1 matrix/fast"/>
					<CompileFile command="/usr/bin/make -f &quot;/Users/happys/Desktop/project/AI/C_project/as4/source/Makefile&quot;  VERBOSE=1 &quot;$file&quot;"/>
					<Clean command="/usr/bin/make -f &quot;/Users/happys/Desktop/project/AI/C_project/as4/source/Makefile&quot;  VERBOSE=1 clean"/>
					<DistClean command="/usr/bin/make -f &quot;/Users/happys/Desktop/project/AI/C_project/as4/source/Makefile&quot;  VERBOSE=1 clean"/>
				</MakeCommands>
			</Target>
		</Build>
		<Unit filename="/Users/happys/Desktop/project/AI/C_project/as4/source/ARM_library.cpp">
			<Option target="matrix"/>
		</Unit>
		<Unit filename="/Users/happys/Desktop/project/AI/C_project/as4/source/library.h">
			<Option target="matrix"/>
		</Unit>
		<Unit filename="/Users/happys/Desktop/project/AI/C_project/as4/source/CMakeLists.txt">
			<Option virtualFolder="CMake Files\"/>
		</Unit>
	</Project>
</CodeBlocks_project_file>
