<?xml version="1.0" encoding="UTF-8"?>
<Scheme
   version = "1.3">
   <BuildAction>
      <BuildActionEntries>
         <BuildActionEntry
            buildForRunning = "YES">
            <BuildableReference
               BuildableIdentifier = "primary"
               BlueprintIdentifier = "19A73B1A256D68E70084196D"
               BuildableName = "SUSTech_Helper.app"
               BlueprintName = "SUSTech_Helper"
               ReferencedContainer = "container:SUSTech_Helper.xcodeproj">
            </BuildableReference>
         </BuildActionEntry>
      </BuildActionEntries>
   </BuildAction>
   <LaunchAction
      useCustomWorkingDirectory = "NO"
      buildConfiguration = "Debug"
      allowLocationSimulation = "YES">
      <BuildableProductRunnable>
         <BuildableReference
            BuildableIdentifier = "primary"
            BlueprintIdentifier = "19A73B1A256D68E70084196D"
            BuildableName = "SUSTech_Helper.app"
            BlueprintName = "SUSTech_Helper"
            ReferencedContainer = "container:SUSTech_Helper.xcodeproj">
         </BuildableReference>
      </BuildableProductRunnable>
   </LaunchAction>
</Scheme>
