// !$*UTF8*$!
{
	archiveVersion = 1;
	classes = {
	};
	objectVersion = 50;
	objects = {

/* Begin PBXBuildFile section */
		1964FBA4256EC54C000134C8 /* GPA.mm in Sources */ = {isa = PBXBuildFile; fileRef = 1964FBA3256EC54C000134C8 /* GPA.mm */; };
		1964FBB4256ECF34000134C8 /* author.storyboard in Resources */ = {isa = PBXBuildFile; fileRef = 1964FBB3256ECF34000134C8 /* author.storyboard */; };
		19A73B20256D68E70084196D /* AppDelegate.m in Sources */ = {isa = PBXBuildFile; fileRef = 19A73B1F256D68E70084196D /* AppDelegate.m */; };
		19A73B23256D68E70084196D /* SceneDelegate.m in Sources */ = {isa = PBXBuildFile; fileRef = 19A73B22256D68E70084196D /* SceneDelegate.m */; };
		19A73B26256D68E70084196D /* ViewController.m in Sources */ = {isa = PBXBuildFile; fileRef = 19A73B25256D68E70084196D /* ViewController.m */; };
		19A73B29256D68E70084196D /* Main.storyboard in Resources */ = {isa = PBXBuildFile; fileRef = 19A73B27256D68E70084196D /* Main.storyboard */; };
		19A73B2B256D68E80084196D /* Assets.xcassets in Resources */ = {isa = PBXBuildFile; fileRef = 19A73B2A256D68E80084196D /* Assets.xcassets */; };
		19A73B2E256D68E80084196D /* LaunchScreen.storyboard in Resources */ = {isa = PBXBuildFile; fileRef = 19A73B2C256D68E80084196D /* LaunchScreen.storyboard */; };
		19A73B31256D68E80084196D /* main.m in Sources */ = {isa = PBXBuildFile; fileRef = 19A73B30256D68E80084196D /* main.m */; };
		19A73B63256D6E760084196D /* Date.strings in Resources */ = {isa = PBXBuildFile; fileRef = 19A73B62256D6E760084196D /* Date.strings */; };
		19A73B70256D6EA80084196D /* libofcpp.mm in Sources */ = {isa = PBXBuildFile; fileRef = 19A73B6F256D6EA80084196D /* libofcpp.mm */; };
		19A73B7B256D726A0084196D /* IOcore.m in Sources */ = {isa = PBXBuildFile; fileRef = 19A73B7A256D726A0084196D /* IOcore.m */; };
/* End PBXBuildFile section */

/* Begin PBXContainerItemProxy section */
		19A73B37256D68E80084196D /* PBXContainerItemProxy */ = {
			isa = PBXContainerItemProxy;
			containerPortal = 19A73B13256D68E70084196D /* Project object */;
			proxyType = 1;
			remoteGlobalIDString = 19A73B1A256D68E70084196D;
			remoteInfo = SUSTech_Helper;
		};
		19A73B42256D68E80084196D /* PBXContainerItemProxy */ = {
			isa = PBXContainerItemProxy;
			containerPortal = 19A73B13256D68E70084196D /* Project object */;
			proxyType = 1;
			remoteGlobalIDString = 19A73B1A256D68E70084196D;
			remoteInfo = SUSTech_Helper;
		};
/* End PBXContainerItemProxy section */

/* Begin PBXFileReference section */
		1964FBA3256EC54C000134C8 /* GPA.mm */ = {isa = PBXFileReference; lastKnownFileType = sourcecode.cpp.objcpp; path = GPA.mm; sourceTree = "<group>"; };
		1964FBB3256ECF34000134C8 /* author.storyboard */ = {isa = PBXFileReference; fileEncoding = 4; lastKnownFileType = file.storyboard; path = author.storyboard; sourceTree = "<group>"; };
		1970C625256DF98100EBD51F /* SUSTech_Helper.app */ = {isa = PBXFileReference; explicitFileType = wrapper.application; includeInIndex = 0; path = SUSTech_Helper.app; sourceTree = BUILT_PRODUCTS_DIR; };
		1970C626256DF98100EBD51F /* SUSTech_HelperTests.xctest */ = {isa = PBXFileReference; explicitFileType = wrapper.cfbundle; includeInIndex = 0; path = SUSTech_HelperTests.xctest; sourceTree = BUILT_PRODUCTS_DIR; };
		1970C627256DF98100EBD51F /* SUSTech_HelperUITests.xctest */ = {isa = PBXFileReference; explicitFileType = wrapper.cfbundle; includeInIndex = 0; path = SUSTech_HelperUITests.xctest; sourceTree = BUILT_PRODUCTS_DIR; };
		1970C628256DFDEE00EBD51F /* README.md */ = {isa = PBXFileReference; lastKnownFileType = net.daringfireball.markdown; path = README.md; sourceTree = "<group>"; };
		19A73B1E256D68E70084196D /* AppDelegate.h */ = {isa = PBXFileReference; lastKnownFileType = sourcecode.c.h; path = AppDelegate.h; sourceTree = "<group>"; };
		19A73B1F256D68E70084196D /* AppDelegate.m */ = {isa = PBXFileReference; lastKnownFileType = sourcecode.c.objc; path = AppDelegate.m; sourceTree = "<group>"; };
		19A73B21256D68E70084196D /* SceneDelegate.h */ = {isa = PBXFileReference; lastKnownFileType = sourcecode.c.h; path = SceneDelegate.h; sourceTree = "<group>"; };
		19A73B22256D68E70084196D /* SceneDelegate.m */ = {isa = PBXFileReference; lastKnownFileType = sourcecode.c.objc; path = SceneDelegate.m; sourceTree = "<group>"; };
		19A73B24256D68E70084196D /* ViewController.h */ = {isa = PBXFileReference; lastKnownFileType = sourcecode.c.h; path = ViewController.h; sourceTree = "<group>"; };
		19A73B25256D68E70084196D /* ViewController.m */ = {isa = PBXFileReference; lastKnownFileType = sourcecode.c.objc; path = ViewController.m; sourceTree = "<group>"; };
		19A73B28256D68E70084196D /* Base */ = {isa = PBXFileReference; lastKnownFileType = file.storyboard; name = Base; path = Base.lproj/Main.storyboard; sourceTree = "<group>"; };
		19A73B2A256D68E80084196D /* Assets.xcassets */ = {isa = PBXFileReference; lastKnownFileType = folder.assetcatalog; path = Assets.xcassets; sourceTree = "<group>"; };
		19A73B2D256D68E80084196D /* Base */ = {isa = PBXFileReference; lastKnownFileType = file.storyboard; name = Base; path = Base.lproj/LaunchScreen.storyboard; sourceTree = "<group>"; };
		19A73B2F256D68E80084196D /* Info.plist */ = {isa = PBXFileReference; lastKnownFileType = text.plist.xml; path = Info.plist; sourceTree = "<group>"; };
		19A73B30256D68E80084196D /* main.m */ = {isa = PBXFileReference; lastKnownFileType = sourcecode.c.objc; path = main.m; sourceTree = "<group>"; };
		19A73B62256D6E760084196D /* Date.strings */ = {isa = PBXFileReference; lastKnownFileType = text.plist.strings; path = Date.strings; sourceTree = "<group>"; };
		19A73B6F256D6EA80084196D /* libofcpp.mm */ = {isa = PBXFileReference; lastKnownFileType = sourcecode.cpp.objcpp; path = libofcpp.mm; sourceTree = "<group>"; };
		19A73B7A256D726A0084196D /* IOcore.m */ = {isa = PBXFileReference; lastKnownFileType = sourcecode.c.objc; path = IOcore.m; sourceTree = "<group>"; };
/* End PBXFileReference section */

/* Begin PBXFrameworksBuildPhase section */
		19A73B18256D68E70084196D /* Frameworks */ = {
			isa = PBXFrameworksBuildPhase;
			buildActionMask = 2147483647;
			files = (
			);
			runOnlyForDeploymentPostprocessing = 0;
		};
		19A73B33256D68E80084196D /* Frameworks */ = {
			isa = PBXFrameworksBuildPhase;
			buildActionMask = 2147483647;
			files = (
			);
			runOnlyForDeploymentPostprocessing = 0;
		};
		19A73B3E256D68E80084196D /* Frameworks */ = {
			isa = PBXFrameworksBuildPhase;
			buildActionMask = 2147483647;
			files = (
			);
			runOnlyForDeploymentPostprocessing = 0;
		};
/* End PBXFrameworksBuildPhase section */

/* Begin PBXGroup section */
		19A73B12256D68E70084196D = {
			isa = PBXGroup;
			children = (
				19A73B1D256D68E70084196D /* SUSTech_Helper */,
				1970C625256DF98100EBD51F /* SUSTech_Helper.app */,
				1970C626256DF98100EBD51F /* SUSTech_HelperTests.xctest */,
				1970C627256DF98100EBD51F /* SUSTech_HelperUITests.xctest */,
			);
			sourceTree = "<group>";
		};
		19A73B1D256D68E70084196D /* SUSTech_Helper */ = {
			isa = PBXGroup;
			children = (
				1964FBB3256ECF34000134C8 /* author.storyboard */,
				19A73B1E256D68E70084196D /* AppDelegate.h */,
				19A73B1F256D68E70084196D /* AppDelegate.m */,
				19A73B21256D68E70084196D /* SceneDelegate.h */,
				19A73B22256D68E70084196D /* SceneDelegate.m */,
				19A73B24256D68E70084196D /* ViewController.h */,
				19A73B25256D68E70084196D /* ViewController.m */,
				19A73B27256D68E70084196D /* Main.storyboard */,
				19A73B2A256D68E80084196D /* Assets.xcassets */,
				19A73B2C256D68E80084196D /* LaunchScreen.storyboard */,
				19A73B2F256D68E80084196D /* Info.plist */,
				19A73B30256D68E80084196D /* main.m */,
				19A73B62256D6E760084196D /* Date.strings */,
				19A73B6F256D6EA80084196D /* libofcpp.mm */,
				19A73B7A256D726A0084196D /* IOcore.m */,
				1970C628256DFDEE00EBD51F /* README.md */,
				1964FBA3256EC54C000134C8 /* GPA.mm */,
			);
			path = SUSTech_Helper;
			sourceTree = "<group>";
		};
/* End PBXGroup section */

/* Begin PBXNativeTarget section */
		19A73B1A256D68E70084196D /* SUSTech_Helper */ = {
			isa = PBXNativeTarget;
			buildConfigurationList = 19A73B4A256D68E80084196D /* Build configuration list for PBXNativeTarget "SUSTech_Helper" */;
			buildPhases = (
				19A73B17256D68E70084196D /* Sources */,
				19A73B18256D68E70084196D /* Frameworks */,
				19A73B19256D68E70084196D /* Resources */,
			);
			buildRules = (
			);
			dependencies = (
			);
			name = SUSTech_Helper;
			productName = SUSTech_Helper;
			productReference = 1970C625256DF98100EBD51F /* SUSTech_Helper.app */;
			productType = "com.apple.product-type.application";
		};
		19A73B35256D68E80084196D /* SUSTech_HelperTests */ = {
			isa = PBXNativeTarget;
			buildConfigurationList = 19A73B4D256D68E80084196D /* Build configuration list for PBXNativeTarget "SUSTech_HelperTests" */;
			buildPhases = (
				19A73B32256D68E80084196D /* Sources */,
				19A73B33256D68E80084196D /* Frameworks */,
				19A73B34256D68E80084196D /* Resources */,
			);
			buildRules = (
			);
			dependencies = (
				19A73B38256D68E80084196D /* PBXTargetDependency */,
			);
			name = SUSTech_HelperTests;
			productName = SUSTech_HelperTests;
			productReference = 1970C626256DF98100EBD51F /* SUSTech_HelperTests.xctest */;
			productType = "com.apple.product-type.bundle.unit-test";
		};
		19A73B40256D68E80084196D /* SUSTech_HelperUITests */ = {
			isa = PBXNativeTarget;
			buildConfigurationList = 19A73B50256D68E80084196D /* Build configuration list for PBXNativeTarget "SUSTech_HelperUITests" */;
			buildPhases = (
				19A73B3D256D68E80084196D /* Sources */,
				19A73B3E256D68E80084196D /* Frameworks */,
				19A73B3F256D68E80084196D /* Resources */,
			);
			buildRules = (
			);
			dependencies = (
				19A73B43256D68E80084196D /* PBXTargetDependency */,
			);
			name = SUSTech_HelperUITests;
			productName = SUSTech_HelperUITests;
			productReference = 1970C627256DF98100EBD51F /* SUSTech_HelperUITests.xctest */;
			productType = "com.apple.product-type.bundle.ui-testing";
		};
/* End PBXNativeTarget section */

/* Begin PBXProject section */
		19A73B13256D68E70084196D /* Project object */ = {
			isa = PBXProject;
			attributes = {
				LastUpgradeCheck = 1220;
				TargetAttributes = {
					19A73B1A256D68E70084196D = {
						CreatedOnToolsVersion = 12.2;
					};
					19A73B35256D68E80084196D = {
						CreatedOnToolsVersion = 12.2;
						TestTargetID = 19A73B1A256D68E70084196D;
					};
					19A73B40256D68E80084196D = {
						CreatedOnToolsVersion = 12.2;
						TestTargetID = 19A73B1A256D68E70084196D;
					};
				};
			};
			buildConfigurationList = 19A73B16256D68E70084196D /* Build configuration list for PBXProject "SUSTech_Helper" */;
			compatibilityVersion = "Xcode 9.3";
			developmentRegion = en;
			hasScannedForEncodings = 0;
			knownRegions = (
				en,
				Base,
			);
			mainGroup = 19A73B12256D68E70084196D;
			productRefGroup = 19A73B12256D68E70084196D;
			projectDirPath = "";
			projectRoot = "";
			targets = (
				19A73B1A256D68E70084196D /* SUSTech_Helper */,
				19A73B35256D68E80084196D /* SUSTech_HelperTests */,
				19A73B40256D68E80084196D /* SUSTech_HelperUITests */,
			);
		};
/* End PBXProject section */

/* Begin PBXResourcesBuildPhase section */
		19A73B19256D68E70084196D /* Resources */ = {
			isa = PBXResourcesBuildPhase;
			buildActionMask = 2147483647;
			files = (
				19A73B2E256D68E80084196D /* LaunchScreen.storyboard in Resources */,
				1964FBB4256ECF34000134C8 /* author.storyboard in Resources */,
				19A73B2B256D68E80084196D /* Assets.xcassets in Resources */,
				19A73B63256D6E760084196D /* Date.strings in Resources */,
				19A73B29256D68E70084196D /* Main.storyboard in Resources */,
			);
			runOnlyForDeploymentPostprocessing = 0;
		};
		19A73B34256D68E80084196D /* Resources */ = {
			isa = PBXResourcesBuildPhase;
			buildActionMask = 2147483647;
			files = (
			);
			runOnlyForDeploymentPostprocessing = 0;
		};
		19A73B3F256D68E80084196D /* Resources */ = {
			isa = PBXResourcesBuildPhase;
			buildActionMask = 2147483647;
			files = (
			);
			runOnlyForDeploymentPostprocessing = 0;
		};
/* End PBXResourcesBuildPhase section */

/* Begin PBXSourcesBuildPhase section */
		19A73B17256D68E70084196D /* Sources */ = {
			isa = PBXSourcesBuildPhase;
			buildActionMask = 2147483647;
			files = (
				19A73B7B256D726A0084196D /* IOcore.m in Sources */,
				19A73B26256D68E70084196D /* ViewController.m in Sources */,
				19A73B70256D6EA80084196D /* libofcpp.mm in Sources */,
				1964FBA4256EC54C000134C8 /* GPA.mm in Sources */,
				19A73B20256D68E70084196D /* AppDelegate.m in Sources */,
				19A73B31256D68E80084196D /* main.m in Sources */,
				19A73B23256D68E70084196D /* SceneDelegate.m in Sources */,
			);
			runOnlyForDeploymentPostprocessing = 0;
		};
		19A73B32256D68E80084196D /* Sources */ = {
			isa = PBXSourcesBuildPhase;
			buildActionMask = 2147483647;
			files = (
			);
			runOnlyForDeploymentPostprocessing = 0;
		};
		19A73B3D256D68E80084196D /* Sources */ = {
			isa = PBXSourcesBuildPhase;
			buildActionMask = 2147483647;
			files = (
			);
			runOnlyForDeploymentPostprocessing = 0;
		};
/* End PBXSourcesBuildPhase section */

/* Begin PBXTargetDependency section */
		19A73B38256D68E80084196D /* PBXTargetDependency */ = {
			isa = PBXTargetDependency;
			target = 19A73B1A256D68E70084196D /* SUSTech_Helper */;
			targetProxy = 19A73B37256D68E80084196D /* PBXContainerItemProxy */;
		};
		19A73B43256D68E80084196D /* PBXTargetDependency */ = {
			isa = PBXTargetDependency;
			target = 19A73B1A256D68E70084196D /* SUSTech_Helper */;
			targetProxy = 19A73B42256D68E80084196D /* PBXContainerItemProxy */;
		};
/* End PBXTargetDependency section */

/* Begin PBXVariantGroup section */
		19A73B27256D68E70084196D /* Main.storyboard */ = {
			isa = PBXVariantGroup;
			children = (
				19A73B28256D68E70084196D /* Base */,
			);
			name = Main.storyboard;
			sourceTree = "<group>";
			usesTabs = 0;
		};
		19A73B2C256D68E80084196D /* LaunchScreen.storyboard */ = {
			isa = PBXVariantGroup;
			children = (
				19A73B2D256D68E80084196D /* Base */,
			);
			name = LaunchScreen.storyboard;
			sourceTree = "<group>";
		};
/* End PBXVariantGroup section */

/* Begin XCBuildConfiguration section */
		19A73B48256D68E80084196D /* Debug */ = {
			isa = XCBuildConfiguration;
			buildSettings = {
				ALWAYS_SEARCH_USER_PATHS = NO;
				CLANG_ANALYZER_NONNULL = YES;
				CLANG_ANALYZER_NUMBER_OBJECT_CONVERSION = YES_AGGRESSIVE;
				CLANG_CXX_LANGUAGE_STANDARD = "gnu++14";
				CLANG_CXX_LIBRARY = "libc++";
				CLANG_ENABLE_MODULES = YES;
				CLANG_ENABLE_OBJC_ARC = YES;
				CLANG_ENABLE_OBJC_WEAK = YES;
				CLANG_WARN_BLOCK_CAPTURE_AUTORELEASING = YES;
				CLANG_WARN_BOOL_CONVERSION = YES;
				CLANG_WARN_COMMA = YES;
				CLANG_WARN_CONSTANT_CONVERSION = YES;
				CLANG_WARN_DEPRECATED_OBJC_IMPLEMENTATIONS = YES;
				CLANG_WARN_DIRECT_OBJC_ISA_USAGE = YES_ERROR;
				CLANG_WARN_DOCUMENTATION_COMMENTS = YES;
				CLANG_WARN_EMPTY_BODY = YES;
				CLANG_WARN_ENUM_CONVERSION = YES;
				CLANG_WARN_INFINITE_RECURSION = YES;
				CLANG_WARN_INT_CONVERSION = YES;
				CLANG_WARN_NON_LITERAL_NULL_CONVERSION = YES;
				CLANG_WARN_OBJC_IMPLICIT_RETAIN_SELF = YES;
				CLANG_WARN_OBJC_LITERAL_CONVERSION = YES;
				CLANG_WARN_OBJC_ROOT_CLASS = YES_ERROR;
				CLANG_WARN_QUOTED_INCLUDE_IN_FRAMEWORK_HEADER = YES;
				CLANG_WARN_RANGE_LOOP_ANALYSIS = YES;
				CLANG_WARN_STRICT_PROTOTYPES = YES;
				CLANG_WARN_SUSPICIOUS_MOVE = YES;
				CLANG_WARN_UNGUARDED_AVAILABILITY = YES_AGGRESSIVE;
				CLANG_WARN_UNREACHABLE_CODE = YES;
				CLANG_WARN__DUPLICATE_METHOD_MATCH = YES;
				COPY_PHASE_STRIP = NO;
				DEBUG_INFORMATION_FORMAT = dwarf;
				ENABLE_STRICT_OBJC_MSGSEND = YES;
				ENABLE_TESTABILITY = YES;
				GCC_C_LANGUAGE_STANDARD = gnu11;
				GCC_DYNAMIC_NO_PIC = NO;
				GCC_NO_COMMON_BLOCKS = YES;
				GCC_OPTIMIZATION_LEVEL = 0;
				GCC_PREPROCESSOR_DEFINITIONS = (
					"DEBUG=1",
					"$(inherited)",
				);
				GCC_WARN_64_TO_32_BIT_CONVERSION = YES;
				GCC_WARN_ABOUT_RETURN_TYPE = YES_ERROR;
				GCC_WARN_UNDECLARED_SELECTOR = YES;
				GCC_WARN_UNINITIALIZED_AUTOS = YES_AGGRESSIVE;
				GCC_WARN_UNUSED_FUNCTION = YES;
				GCC_WARN_UNUSED_VARIABLE = YES;
				IPHONEOS_DEPLOYMENT_TARGET = 14.2;
				MTL_ENABLE_DEBUG_INFO = INCLUDE_SOURCE;
				MTL_FAST_MATH = YES;
				ONLY_ACTIVE_ARCH = YES;
				SDKROOT = iphoneos;
			};
			name = Debug;
		};
		19A73B49256D68E80084196D /* Release */ = {
			isa = XCBuildConfiguration;
			buildSettings = {
				ALWAYS_SEARCH_USER_PATHS = NO;
				CLANG_ANALYZER_NONNULL = YES;
				CLANG_ANALYZER_NUMBER_OBJECT_CONVERSION = YES_AGGRESSIVE;
				CLANG_CXX_LANGUAGE_STANDARD = "gnu++14";
				CLANG_CXX_LIBRARY = "libc++";
				CLANG_ENABLE_MODULES = YES;
				CLANG_ENABLE_OBJC_ARC = YES;
				CLANG_ENABLE_OBJC_WEAK = YES;
				CLANG_WARN_BLOCK_CAPTURE_AUTORELEASING = YES;
				CLANG_WARN_BOOL_CONVERSION = YES;
				CLANG_WARN_COMMA = YES;
				CLANG_WARN_CONSTANT_CONVERSION = YES;
				CLANG_WARN_DEPRECATED_OBJC_IMPLEMENTATIONS = YES;
				CLANG_WARN_DIRECT_OBJC_ISA_USAGE = YES_ERROR;
				CLANG_WARN_DOCUMENTATION_COMMENTS = YES;
				CLANG_WARN_EMPTY_BODY = YES;
				CLANG_WARN_ENUM_CONVERSION = YES;
				CLANG_WARN_INFINITE_RECURSION = YES;
				CLANG_WARN_INT_CONVERSION = YES;
				CLANG_WARN_NON_LITERAL_NULL_CONVERSION = YES;
				CLANG_WARN_OBJC_IMPLICIT_RETAIN_SELF = YES;
				CLANG_WARN_OBJC_LITERAL_CONVERSION = YES;
				CLANG_WARN_OBJC_ROOT_CLASS = YES_ERROR;
				CLANG_WARN_QUOTED_INCLUDE_IN_FRAMEWORK_HEADER = YES;
				CLANG_WARN_RANGE_LOOP_ANALYSIS = YES;
				CLANG_WARN_STRICT_PROTOTYPES = YES;
				CLANG_WARN_SUSPICIOUS_MOVE = YES;
				CLANG_WARN_UNGUARDED_AVAILABILITY = YES_AGGRESSIVE;
				CLANG_WARN_UNREACHABLE_CODE = YES;
				CLANG_WARN__DUPLICATE_METHOD_MATCH = YES;
				COPY_PHASE_STRIP = NO;
				DEBUG_INFORMATION_FORMAT = "dwarf-with-dsym";
				ENABLE_NS_ASSERTIONS = NO;
				ENABLE_STRICT_OBJC_MSGSEND = YES;
				GCC_C_LANGUAGE_STANDARD = gnu11;
				GCC_NO_COMMON_BLOCKS = YES;
				GCC_WARN_64_TO_32_BIT_CONVERSION = YES;
				GCC_WARN_ABOUT_RETURN_TYPE = YES_ERROR;
				GCC_WARN_UNDECLARED_SELECTOR = YES;
				GCC_WARN_UNINITIALIZED_AUTOS = YES_AGGRESSIVE;
				GCC_WARN_UNUSED_FUNCTION = YES;
				GCC_WARN_UNUSED_VARIABLE = YES;
				IPHONEOS_DEPLOYMENT_TARGET = 14.2;
				MTL_ENABLE_DEBUG_INFO = NO;
				MTL_FAST_MATH = YES;
				SDKROOT = iphoneos;
				VALIDATE_PRODUCT = YES;
			};
			name = Release;
		};
		19A73B4B256D68E80084196D /* Debug */ = {
			isa = XCBuildConfiguration;
			buildSettings = {
				ASSETCATALOG_COMPILER_APPICON_NAME = AppIcon;
				ASSETCATALOG_COMPILER_GLOBAL_ACCENT_COLOR_NAME = AccentColor;
				CODE_SIGN_STYLE = Automatic;
				DEVELOPMENT_TEAM = 9346G4W3Z9;
				INFOPLIST_FILE = SUSTech_Helper/Info.plist;
				LD_RUNPATH_SEARCH_PATHS = (
					"$(inherited)",
					"@executable_path/Frameworks",
				);
				PRODUCT_BUNDLE_IDENTIFIER = "happys.SUSTech-Helper";
				PRODUCT_NAME = "$(TARGET_NAME)";
				TARGETED_DEVICE_FAMILY = 1;
			};
			name = Debug;
		};
		19A73B4C256D68E80084196D /* Release */ = {
			isa = XCBuildConfiguration;
			buildSettings = {
				ASSETCATALOG_COMPILER_APPICON_NAME = AppIcon;
				ASSETCATALOG_COMPILER_GLOBAL_ACCENT_COLOR_NAME = AccentColor;
				CODE_SIGN_STYLE = Automatic;
				DEVELOPMENT_TEAM = 9346G4W3Z9;
				INFOPLIST_FILE = SUSTech_Helper/Info.plist;
				LD_RUNPATH_SEARCH_PATHS = (
					"$(inherited)",
					"@executable_path/Frameworks",
				);
				PRODUCT_BUNDLE_IDENTIFIER = "happys.SUSTech-Helper";
				PRODUCT_NAME = "$(TARGET_NAME)";
				TARGETED_DEVICE_FAMILY = 1;
			};
			name = Release;
		};
		19A73B4E256D68E80084196D /* Debug */ = {
			isa = XCBuildConfiguration;
			buildSettings = {
				BUNDLE_LOADER = "$(TEST_HOST)";
				CODE_SIGN_STYLE = Automatic;
				DEVELOPMENT_TEAM = 9346G4W3Z9;
				INFOPLIST_FILE = SUSTech_HelperTests/Info.plist;
				IPHONEOS_DEPLOYMENT_TARGET = 14.2;
				LD_RUNPATH_SEARCH_PATHS = (
					"$(inherited)",
					"@executable_path/Frameworks",
					"@loader_path/Frameworks",
				);
				PRODUCT_BUNDLE_IDENTIFIER = "happys.SUSTech-HelperTests";
				PRODUCT_NAME = "$(TARGET_NAME)";
				TARGETED_DEVICE_FAMILY = "1,2";
				TEST_HOST = "$(BUILT_PRODUCTS_DIR)/SUSTech_Helper.app/SUSTech_Helper";
			};
			name = Debug;
		};
		19A73B4F256D68E80084196D /* Release */ = {
			isa = XCBuildConfiguration;
			buildSettings = {
				BUNDLE_LOADER = "$(TEST_HOST)";
				CODE_SIGN_STYLE = Automatic;
				DEVELOPMENT_TEAM = 9346G4W3Z9;
				INFOPLIST_FILE = SUSTech_HelperTests/Info.plist;
				IPHONEOS_DEPLOYMENT_TARGET = 14.2;
				LD_RUNPATH_SEARCH_PATHS = (
					"$(inherited)",
					"@executable_path/Frameworks",
					"@loader_path/Frameworks",
				);
				PRODUCT_BUNDLE_IDENTIFIER = "happys.SUSTech-HelperTests";
				PRODUCT_NAME = "$(TARGET_NAME)";
				TARGETED_DEVICE_FAMILY = "1,2";
				TEST_HOST = "$(BUILT_PRODUCTS_DIR)/SUSTech_Helper.app/SUSTech_Helper";
			};
			name = Release;
		};
		19A73B51256D68E80084196D /* Debug */ = {
			isa = XCBuildConfiguration;
			buildSettings = {
				CODE_SIGN_STYLE = Automatic;
				DEVELOPMENT_TEAM = 9346G4W3Z9;
				INFOPLIST_FILE = SUSTech_HelperUITests/Info.plist;
				LD_RUNPATH_SEARCH_PATHS = (
					"$(inherited)",
					"@executable_path/Frameworks",
					"@loader_path/Frameworks",
				);
				PRODUCT_BUNDLE_IDENTIFIER = "happys.SUSTech-HelperUITests";
				PRODUCT_NAME = "$(TARGET_NAME)";
				TARGETED_DEVICE_FAMILY = "1,2";
				TEST_TARGET_NAME = SUSTech_Helper;
			};
			name = Debug;
		};
		19A73B52256D68E80084196D /* Release */ = {
			isa = XCBuildConfiguration;
			buildSettings = {
				CODE_SIGN_STYLE = Automatic;
				DEVELOPMENT_TEAM = 9346G4W3Z9;
				INFOPLIST_FILE = SUSTech_HelperUITests/Info.plist;
				LD_RUNPATH_SEARCH_PATHS = (
					"$(inherited)",
					"@executable_path/Frameworks",
					"@loader_path/Frameworks",
				);
				PRODUCT_BUNDLE_IDENTIFIER = "happys.SUSTech-HelperUITests";
				PRODUCT_NAME = "$(TARGET_NAME)";
				TARGETED_DEVICE_FAMILY = "1,2";
				TEST_TARGET_NAME = SUSTech_Helper;
			};
			name = Release;
		};
/* End XCBuildConfiguration section */

/* Begin XCConfigurationList section */
		19A73B16256D68E70084196D /* Build configuration list for PBXProject "SUSTech_Helper" */ = {
			isa = XCConfigurationList;
			buildConfigurations = (
				19A73B48256D68E80084196D /* Debug */,
				19A73B49256D68E80084196D /* Release */,
			);
			defaultConfigurationIsVisible = 0;
			defaultConfigurationName = Release;
		};
		19A73B4A256D68E80084196D /* Build configuration list for PBXNativeTarget "SUSTech_Helper" */ = {
			isa = XCConfigurationList;
			buildConfigurations = (
				19A73B4B256D68E80084196D /* Debug */,
				19A73B4C256D68E80084196D /* Release */,
			);
			defaultConfigurationIsVisible = 0;
			defaultConfigurationName = Release;
		};
		19A73B4D256D68E80084196D /* Build configuration list for PBXNativeTarget "SUSTech_HelperTests" */ = {
			isa = XCConfigurationList;
			buildConfigurations = (
				19A73B4E256D68E80084196D /* Debug */,
				19A73B4F256D68E80084196D /* Release */,
			);
			defaultConfigurationIsVisible = 0;
			defaultConfigurationName = Release;
		};
		19A73B50256D68E80084196D /* Build configuration list for PBXNativeTarget "SUSTech_HelperUITests" */ = {
			isa = XCConfigurationList;
			buildConfigurations = (
				19A73B51256D68E80084196D /* Debug */,
				19A73B52256D68E80084196D /* Release */,
			);
			defaultConfigurationIsVisible = 0;
			defaultConfigurationName = Release;
		};
/* End XCConfigurationList section */
	};
	rootObject = 19A73B13256D68E70084196D /* Project object */;
}
